source "https://rubygems.org"

gem "jekyll", "~> 4.3.3"
gem "jekyll-paginate", "~> 1.1.0"

# Windows and JRuby does not include zoneinfo files, so bundle the tzinfo-data gem
# and associated library.
platforms :mingw, :x64_mingw, :mswin, :jruby do
  gem "tzinfo", "~> 1.2"
  gem "tzinfo-data"
end

# Performance-booster for watching directories on Windows
gem "wdm", "~> 0.1.1", :platforms => [:mingw, :x64_mingw, :mswin]

# Lock `http_parser.rb` gem to `v0.8.0` on JRuby builds since newer versions of the gem
# do not have a Java counterpart.
gem "http_parser.rb", "~> 0.8.0", :platforms => [:jruby]

# Lock ffi version
gem "ffi", "~> 1.15.5"

# Add webrick as it's no longer bundled with Ruby 3.0+
gem "webrick", "~> 1.8.1"
